
Microsoft Visual Studio Solution File, Format Version 12.00
# Visual Studio 14
VisualStudioVersion = 14.0.25420.1
MinimumVisualStudioVersion = 10.0.40219.1
Project("{FAE04EC0-301F-11D3-BF4B-00C04F79EFBC}") = "Communications", "Communications\Communications.csproj", "{37260178-9B84-4673-B27F-9F70A408739A}"
EndProject
Project("{FAE04EC0-301F-11D3-BF4B-00C04F79EFBC}") = "MagicUpdaterCommon", "MagicUpdaterCommon\MagicUpdaterCommon.csproj", "{D07B1F6C-D42C-4C1C-A2FB-767D685DF979}"
EndProject
Project("{FAE04EC0-301F-11D3-BF4B-00C04F79EFBC}") = "MagicUpdaterSettings", "MagicUpdaterSettings\MagicUpdaterSettings.csproj", "{0066DDCE-78D7-4D16-912E-0FB61EF9CFB7}"
EndProject
Project("{FAE04EC0-301F-11D3-BF4B-00C04F79EFBC}") = "MagicUpdater", "MagicUpdater\MagicUpdater.csproj", "{EDE68B4A-5883-4541-9263-9C71619CC6E2}"
EndProject
Project("{FAE04EC0-301F-11D3-BF4B-00C04F79EFBC}") = "MagicUpdaterDebugConsole", "MagicUpdaterDebugConsole\MagicUpdaterDebugConsole.csproj", "{E93815D4-AD88-4AD4-BE78-CEFCF49AC51D}"
EndProject
Project("{FAE04EC0-301F-11D3-BF4B-00C04F79EFBC}") = "MagicUpdaterRestart", "MagicUpdaterRestart\MagicUpdaterRestart.csproj", "{9D118B74-6086-466B-9574-E1AD31C9DED6}"
EndProject
Project("{2150E333-8FDC-42A3-9474-1A3956D46DE8}") = "Agent", "Agent", "{E24A29E9-96AD-4182-B57D-B24DC6836A1B}"
EndProject
Project("{2150E333-8FDC-42A3-9474-1A3956D46DE8}") = "Monitor", "Monitor", "{A83E79B3-BA1E-4133-8FEF-094EA21B229F}"
EndProject
Project("{FAE04EC0-301F-11D3-BF4B-00C04F79EFBC}") = "ConsoleDebugSheduler", "ConsoleDebugSheduler\ConsoleDebugSheduler.csproj", "{AC58F3E9-F1D5-410F-8A8E-A357F7EBCEDA}"
EndProject
Project("{FAE04EC0-301F-11D3-BF4B-00C04F79EFBC}") = "MagicUpdaterMonitor", "MagicUpdaterMonitor\MagicUpdaterMonitor.csproj", "{DF41638F-1AAB-4ED2-B554-9FCD30AAF744}"
EndProject
Project("{FAE04EC0-301F-11D3-BF4B-00C04F79EFBC}") = "MagicUpdater.DL", "MagicUpdater.DL\MagicUpdater.DL.csproj", "{D41258F7-69EB-48CD-874B-FD4FD7E1D8E3}"
EndProject
Project("{FAE04EC0-301F-11D3-BF4B-00C04F79EFBC}") = "MagicUpdaterSheduler", "MagicUpdaterSheduler\MagicUpdaterSheduler.csproj", "{97931FBE-6D8D-4FB9-8916-E40D94124850}"
EndProject
Project("{FAE04EC0-301F-11D3-BF4B-00C04F79EFBC}") = "MuMonitorRestart", "MuMonitorRestart\MuMonitorRestart.csproj", "{C4D68C65-9FEF-472F-93D8-7509A4A77F68}"
EndProject
Project("{2150E333-8FDC-42A3-9474-1A3956D46DE8}") = "Sheduler", "Sheduler", "{A797044C-5E29-4E8F-B39A-302CE9DD6861}"
EndProject
Project("{2150E333-8FDC-42A3-9474-1A3956D46DE8}") = "Installer", "Installer", "{9DC13404-9F7C-4A02-972D-C990987B47D0}"
EndProject
Project("{FAE04EC0-301F-11D3-BF4B-00C04F79EFBC}") = "MagicUpdaterInstaller", "MagicUpdaterInstaller\MagicUpdaterInstaller.csproj", "{C78C623B-2F67-4FFF-863B-0B5D48270255}"
EndProject
Project("{FAE04EC0-301F-11D3-BF4B-00C04F79EFBC}") = "InstallMuService", "InstallMuService\InstallMuService.csproj", "{86586D34-381D-4D26-A220-B328B7BA91B9}"
EndProject
Global
	GlobalSection(SolutionConfigurationPlatforms) = preSolution
		Debug(No1C)|Any CPU = Debug(No1C)|Any CPU
		Debug|Any CPU = Debug|Any CPU
		DemoRelease(NoUpdate)|Any CPU = DemoRelease(NoUpdate)|Any CPU
		DemoRelease|Any CPU = DemoRelease|Any CPU
		LicenceDebug|Any CPU = LicenceDebug|Any CPU
		LicenceRelease|Any CPU = LicenceRelease|Any CPU
		PublicMonitorRelease|Any CPU = PublicMonitorRelease|Any CPU
		Release(DebugInfo)|Any CPU = Release(DebugInfo)|Any CPU
		Release|Any CPU = Release|Any CPU
		ReleaseMonNoUpdate(DebugInfo)|Any CPU = ReleaseMonNoUpdate(DebugInfo)|Any CPU
		ReleaseMuToFTP|Any CPU = ReleaseMuToFTP|Any CPU
		ReleaseNoUpdate|Any CPU = ReleaseNoUpdate|Any CPU
		TestReleaseToFTP|Any CPU = TestReleaseToFTP|Any CPU
	EndGlobalSection
	GlobalSection(ProjectConfigurationPlatforms) = postSolution
		{37260178-9B84-4673-B27F-9F70A408739A}.Debug(No1C)|Any CPU.ActiveCfg = Debug|Any CPU
		{37260178-9B84-4673-B27F-9F70A408739A}.Debug(No1C)|Any CPU.Build.0 = Debug|Any CPU
		{37260178-9B84-4673-B27F-9F70A408739A}.Debug|Any CPU.ActiveCfg = Debug|Any CPU
		{37260178-9B84-4673-B27F-9F70A408739A}.Debug|Any CPU.Build.0 = Debug|Any CPU
		{37260178-9B84-4673-B27F-9F70A408739A}.DemoRelease(NoUpdate)|Any CPU.ActiveCfg = DemoRelease(NoUpdate)|Any CPU
		{37260178-9B84-4673-B27F-9F70A408739A}.DemoRelease(NoUpdate)|Any CPU.Build.0 = DemoRelease(NoUpdate)|Any CPU
		{37260178-9B84-4673-B27F-9F70A408739A}.DemoRelease|Any CPU.ActiveCfg = DemoRelease|Any CPU
		{37260178-9B84-4673-B27F-9F70A408739A}.DemoRelease|Any CPU.Build.0 = DemoRelease|Any CPU
		{37260178-9B84-4673-B27F-9F70A408739A}.LicenceDebug|Any CPU.ActiveCfg = LicenceDebug|Any CPU
		{37260178-9B84-4673-B27F-9F70A408739A}.LicenceDebug|Any CPU.Build.0 = LicenceDebug|Any CPU
		{37260178-9B84-4673-B27F-9F70A408739A}.LicenceRelease|Any CPU.ActiveCfg = LicenceRelease|Any CPU
		{37260178-9B84-4673-B27F-9F70A408739A}.LicenceRelease|Any CPU.Build.0 = LicenceRelease|Any CPU
		{37260178-9B84-4673-B27F-9F70A408739A}.PublicMonitorRelease|Any CPU.ActiveCfg = Release|Any CPU
		{37260178-9B84-4673-B27F-9F70A408739A}.PublicMonitorRelease|Any CPU.Build.0 = Release|Any CPU
		{37260178-9B84-4673-B27F-9F70A408739A}.Release(DebugInfo)|Any CPU.ActiveCfg = Release(DebugInfo)|Any CPU
		{37260178-9B84-4673-B27F-9F70A408739A}.Release(DebugInfo)|Any CPU.Build.0 = Release(DebugInfo)|Any CPU
		{37260178-9B84-4673-B27F-9F70A408739A}.Release|Any CPU.ActiveCfg = Release|Any CPU
		{37260178-9B84-4673-B27F-9F70A408739A}.Release|Any CPU.Build.0 = Release|Any CPU
		{37260178-9B84-4673-B27F-9F70A408739A}.ReleaseMonNoUpdate(DebugInfo)|Any CPU.ActiveCfg = Release|Any CPU
		{37260178-9B84-4673-B27F-9F70A408739A}.ReleaseMonNoUpdate(DebugInfo)|Any CPU.Build.0 = Release|Any CPU
		{37260178-9B84-4673-B27F-9F70A408739A}.ReleaseMuToFTP|Any CPU.ActiveCfg = ReleaseNoUpdate|Any CPU
		{37260178-9B84-4673-B27F-9F70A408739A}.ReleaseMuToFTP|Any CPU.Build.0 = ReleaseNoUpdate|Any CPU
		{37260178-9B84-4673-B27F-9F70A408739A}.ReleaseNoUpdate|Any CPU.ActiveCfg = ReleaseNoUpdate|Any CPU
		{37260178-9B84-4673-B27F-9F70A408739A}.ReleaseNoUpdate|Any CPU.Build.0 = ReleaseNoUpdate|Any CPU
		{37260178-9B84-4673-B27F-9F70A408739A}.TestReleaseToFTP|Any CPU.ActiveCfg = TestReleaseToFTP|Any CPU
		{37260178-9B84-4673-B27F-9F70A408739A}.TestReleaseToFTP|Any CPU.Build.0 = TestReleaseToFTP|Any CPU
		{D07B1F6C-D42C-4C1C-A2FB-767D685DF979}.Debug(No1C)|Any CPU.ActiveCfg = Debug|Any CPU
		{D07B1F6C-D42C-4C1C-A2FB-767D685DF979}.Debug(No1C)|Any CPU.Build.0 = Debug|Any CPU
		{D07B1F6C-D42C-4C1C-A2FB-767D685DF979}.Debug|Any CPU.ActiveCfg = Debug|Any CPU
		{D07B1F6C-D42C-4C1C-A2FB-767D685DF979}.Debug|Any CPU.Build.0 = Debug|Any CPU
		{D07B1F6C-D42C-4C1C-A2FB-767D685DF979}.DemoRelease(NoUpdate)|Any CPU.ActiveCfg = DemoRelease(NoUpdate)|Any CPU
		{D07B1F6C-D42C-4C1C-A2FB-767D685DF979}.DemoRelease(NoUpdate)|Any CPU.Build.0 = DemoRelease(NoUpdate)|Any CPU
		{D07B1F6C-D42C-4C1C-A2FB-767D685DF979}.DemoRelease|Any CPU.ActiveCfg = DemoRelease|Any CPU
		{D07B1F6C-D42C-4C1C-A2FB-767D685DF979}.DemoRelease|Any CPU.Build.0 = DemoRelease|Any CPU
		{D07B1F6C-D42C-4C1C-A2FB-767D685DF979}.LicenceDebug|Any CPU.ActiveCfg = LicenceDebug|Any CPU
		{D07B1F6C-D42C-4C1C-A2FB-767D685DF979}.LicenceDebug|Any CPU.Build.0 = LicenceDebug|Any CPU
		{D07B1F6C-D42C-4C1C-A2FB-767D685DF979}.LicenceRelease|Any CPU.ActiveCfg = LicenceRelease|Any CPU
		{D07B1F6C-D42C-4C1C-A2FB-767D685DF979}.LicenceRelease|Any CPU.Build.0 = LicenceRelease|Any CPU
		{D07B1F6C-D42C-4C1C-A2FB-767D685DF979}.PublicMonitorRelease|Any CPU.ActiveCfg = Release|Any CPU
		{D07B1F6C-D42C-4C1C-A2FB-767D685DF979}.PublicMonitorRelease|Any CPU.Build.0 = Release|Any CPU
		{D07B1F6C-D42C-4C1C-A2FB-767D685DF979}.Release(DebugInfo)|Any CPU.ActiveCfg = Release(DebugInfo)|Any CPU
		{D07B1F6C-D42C-4C1C-A2FB-767D685DF979}.Release(DebugInfo)|Any CPU.Build.0 = Release(DebugInfo)|Any CPU
		{D07B1F6C-D42C-4C1C-A2FB-767D685DF979}.Release|Any CPU.ActiveCfg = Release|Any CPU
		{D07B1F6C-D42C-4C1C-A2FB-767D685DF979}.Release|Any CPU.Build.0 = Release|Any CPU
		{D07B1F6C-D42C-4C1C-A2FB-767D685DF979}.ReleaseMonNoUpdate(DebugInfo)|Any CPU.ActiveCfg = Release|Any CPU
		{D07B1F6C-D42C-4C1C-A2FB-767D685DF979}.ReleaseMonNoUpdate(DebugInfo)|Any CPU.Build.0 = Release|Any CPU
		{D07B1F6C-D42C-4C1C-A2FB-767D685DF979}.ReleaseMuToFTP|Any CPU.ActiveCfg = ReleaseNoUpdate|Any CPU
		{D07B1F6C-D42C-4C1C-A2FB-767D685DF979}.ReleaseMuToFTP|Any CPU.Build.0 = ReleaseNoUpdate|Any CPU
		{D07B1F6C-D42C-4C1C-A2FB-767D685DF979}.ReleaseNoUpdate|Any CPU.ActiveCfg = ReleaseNoUpdate|Any CPU
		{D07B1F6C-D42C-4C1C-A2FB-767D685DF979}.ReleaseNoUpdate|Any CPU.Build.0 = ReleaseNoUpdate|Any CPU
		{D07B1F6C-D42C-4C1C-A2FB-767D685DF979}.TestReleaseToFTP|Any CPU.ActiveCfg = TestReleaseToFTP|Any CPU
		{D07B1F6C-D42C-4C1C-A2FB-767D685DF979}.TestReleaseToFTP|Any CPU.Build.0 = TestReleaseToFTP|Any CPU
		{0066DDCE-78D7-4D16-912E-0FB61EF9CFB7}.Debug(No1C)|Any CPU.ActiveCfg = Debug|Any CPU
		{0066DDCE-78D7-4D16-912E-0FB61EF9CFB7}.Debug(No1C)|Any CPU.Build.0 = Debug|Any CPU
		{0066DDCE-78D7-4D16-912E-0FB61EF9CFB7}.Debug|Any CPU.ActiveCfg = Debug|Any CPU
		{0066DDCE-78D7-4D16-912E-0FB61EF9CFB7}.Debug|Any CPU.Build.0 = Debug|Any CPU
		{0066DDCE-78D7-4D16-912E-0FB61EF9CFB7}.DemoRelease(NoUpdate)|Any CPU.ActiveCfg = DemoRelease(NoUpdate)|Any CPU
		{0066DDCE-78D7-4D16-912E-0FB61EF9CFB7}.DemoRelease(NoUpdate)|Any CPU.Build.0 = DemoRelease(NoUpdate)|Any CPU
		{0066DDCE-78D7-4D16-912E-0FB61EF9CFB7}.DemoRelease|Any CPU.ActiveCfg = DemoRelease|Any CPU
		{0066DDCE-78D7-4D16-912E-0FB61EF9CFB7}.DemoRelease|Any CPU.Build.0 = DemoRelease|Any CPU
		{0066DDCE-78D7-4D16-912E-0FB61EF9CFB7}.LicenceDebug|Any CPU.ActiveCfg = LicenceDebug|Any CPU
		{0066DDCE-78D7-4D16-912E-0FB61EF9CFB7}.LicenceDebug|Any CPU.Build.0 = LicenceDebug|Any CPU
		{0066DDCE-78D7-4D16-912E-0FB61EF9CFB7}.LicenceRelease|Any CPU.ActiveCfg = LicenceRelease|Any CPU
		{0066DDCE-78D7-4D16-912E-0FB61EF9CFB7}.LicenceRelease|Any CPU.Build.0 = LicenceRelease|Any CPU
		{0066DDCE-78D7-4D16-912E-0FB61EF9CFB7}.PublicMonitorRelease|Any CPU.ActiveCfg = Release|Any CPU
		{0066DDCE-78D7-4D16-912E-0FB61EF9CFB7}.PublicMonitorRelease|Any CPU.Build.0 = Release|Any CPU
		{0066DDCE-78D7-4D16-912E-0FB61EF9CFB7}.Release(DebugInfo)|Any CPU.ActiveCfg = Release(DebugInfo)|Any CPU
		{0066DDCE-78D7-4D16-912E-0FB61EF9CFB7}.Release(DebugInfo)|Any CPU.Build.0 = Release(DebugInfo)|Any CPU
		{0066DDCE-78D7-4D16-912E-0FB61EF9CFB7}.Release|Any CPU.ActiveCfg = Release|Any CPU
		{0066DDCE-78D7-4D16-912E-0FB61EF9CFB7}.Release|Any CPU.Build.0 = Release|Any CPU
		{0066DDCE-78D7-4D16-912E-0FB61EF9CFB7}.ReleaseMonNoUpdate(DebugInfo)|Any CPU.ActiveCfg = Release|Any CPU
		{0066DDCE-78D7-4D16-912E-0FB61EF9CFB7}.ReleaseMonNoUpdate(DebugInfo)|Any CPU.Build.0 = Release|Any CPU
		{0066DDCE-78D7-4D16-912E-0FB61EF9CFB7}.ReleaseMuToFTP|Any CPU.ActiveCfg = ReleaseNoUpdate|Any CPU
		{0066DDCE-78D7-4D16-912E-0FB61EF9CFB7}.ReleaseMuToFTP|Any CPU.Build.0 = ReleaseNoUpdate|Any CPU
		{0066DDCE-78D7-4D16-912E-0FB61EF9CFB7}.ReleaseNoUpdate|Any CPU.ActiveCfg = ReleaseNoUpdate|Any CPU
		{0066DDCE-78D7-4D16-912E-0FB61EF9CFB7}.ReleaseNoUpdate|Any CPU.Build.0 = ReleaseNoUpdate|Any CPU
		{0066DDCE-78D7-4D16-912E-0FB61EF9CFB7}.TestReleaseToFTP|Any CPU.ActiveCfg = TestReleaseToFTP|Any CPU
		{0066DDCE-78D7-4D16-912E-0FB61EF9CFB7}.TestReleaseToFTP|Any CPU.Build.0 = TestReleaseToFTP|Any CPU
		{EDE68B4A-5883-4541-9263-9C71619CC6E2}.Debug(No1C)|Any CPU.ActiveCfg = Debug|Any CPU
		{EDE68B4A-5883-4541-9263-9C71619CC6E2}.Debug(No1C)|Any CPU.Build.0 = Debug|Any CPU
		{EDE68B4A-5883-4541-9263-9C71619CC6E2}.Debug|Any CPU.ActiveCfg = Debug|Any CPU
		{EDE68B4A-5883-4541-9263-9C71619CC6E2}.Debug|Any CPU.Build.0 = Debug|Any CPU
		{EDE68B4A-5883-4541-9263-9C71619CC6E2}.DemoRelease(NoUpdate)|Any CPU.ActiveCfg = DemoRelease(NoUpdate)|Any CPU
		{EDE68B4A-5883-4541-9263-9C71619CC6E2}.DemoRelease(NoUpdate)|Any CPU.Build.0 = DemoRelease(NoUpdate)|Any CPU
		{EDE68B4A-5883-4541-9263-9C71619CC6E2}.DemoRelease|Any CPU.ActiveCfg = DemoRelease|Any CPU
		{EDE68B4A-5883-4541-9263-9C71619CC6E2}.DemoRelease|Any CPU.Build.0 = DemoRelease|Any CPU
		{EDE68B4A-5883-4541-9263-9C71619CC6E2}.LicenceDebug|Any CPU.ActiveCfg = LicenceDebug|Any CPU
		{EDE68B4A-5883-4541-9263-9C71619CC6E2}.LicenceDebug|Any CPU.Build.0 = LicenceDebug|Any CPU
		{EDE68B4A-5883-4541-9263-9C71619CC6E2}.LicenceRelease|Any CPU.ActiveCfg = LicenceRelease|Any CPU
		{EDE68B4A-5883-4541-9263-9C71619CC6E2}.LicenceRelease|Any CPU.Build.0 = LicenceRelease|Any CPU
		{EDE68B4A-5883-4541-9263-9C71619CC6E2}.PublicMonitorRelease|Any CPU.ActiveCfg = Release|Any CPU
		{EDE68B4A-5883-4541-9263-9C71619CC6E2}.PublicMonitorRelease|Any CPU.Build.0 = Release|Any CPU
		{EDE68B4A-5883-4541-9263-9C71619CC6E2}.Release(DebugInfo)|Any CPU.ActiveCfg = Release(DebugInfo)|Any CPU
		{EDE68B4A-5883-4541-9263-9C71619CC6E2}.Release(DebugInfo)|Any CPU.Build.0 = Release(DebugInfo)|Any CPU
		{EDE68B4A-5883-4541-9263-9C71619CC6E2}.Release|Any CPU.ActiveCfg = Release|Any CPU
		{EDE68B4A-5883-4541-9263-9C71619CC6E2}.Release|Any CPU.Build.0 = Release|Any CPU
		{EDE68B4A-5883-4541-9263-9C71619CC6E2}.ReleaseMonNoUpdate(DebugInfo)|Any CPU.ActiveCfg = Release|Any CPU
		{EDE68B4A-5883-4541-9263-9C71619CC6E2}.ReleaseMonNoUpdate(DebugInfo)|Any CPU.Build.0 = Release|Any CPU
		{EDE68B4A-5883-4541-9263-9C71619CC6E2}.ReleaseMuToFTP|Any CPU.ActiveCfg = ReleaseMuToFTP|Any CPU
		{EDE68B4A-5883-4541-9263-9C71619CC6E2}.ReleaseMuToFTP|Any CPU.Build.0 = ReleaseMuToFTP|Any CPU
		{EDE68B4A-5883-4541-9263-9C71619CC6E2}.ReleaseNoUpdate|Any CPU.ActiveCfg = ReleaseNoUpdate|Any CPU
		{EDE68B4A-5883-4541-9263-9C71619CC6E2}.ReleaseNoUpdate|Any CPU.Build.0 = ReleaseNoUpdate|Any CPU
		{EDE68B4A-5883-4541-9263-9C71619CC6E2}.TestReleaseToFTP|Any CPU.ActiveCfg = TestReleaseToFTP|Any CPU
		{EDE68B4A-5883-4541-9263-9C71619CC6E2}.TestReleaseToFTP|Any CPU.Build.0 = TestReleaseToFTP|Any CPU
		{E93815D4-AD88-4AD4-BE78-CEFCF49AC51D}.Debug(No1C)|Any CPU.ActiveCfg = Debug|Any CPU
		{E93815D4-AD88-4AD4-BE78-CEFCF49AC51D}.Debug(No1C)|Any CPU.Build.0 = Debug|Any CPU
		{E93815D4-AD88-4AD4-BE78-CEFCF49AC51D}.Debug|Any CPU.ActiveCfg = Debug|Any CPU
		{E93815D4-AD88-4AD4-BE78-CEFCF49AC51D}.Debug|Any CPU.Build.0 = Debug|Any CPU
		{E93815D4-AD88-4AD4-BE78-CEFCF49AC51D}.DemoRelease(NoUpdate)|Any CPU.ActiveCfg = DemoRelease(NoUpdate)|Any CPU
		{E93815D4-AD88-4AD4-BE78-CEFCF49AC51D}.DemoRelease(NoUpdate)|Any CPU.Build.0 = DemoRelease(NoUpdate)|Any CPU
		{E93815D4-AD88-4AD4-BE78-CEFCF49AC51D}.DemoRelease|Any CPU.ActiveCfg = DemoRelease|Any CPU
		{E93815D4-AD88-4AD4-BE78-CEFCF49AC51D}.DemoRelease|Any CPU.Build.0 = DemoRelease|Any CPU
		{E93815D4-AD88-4AD4-BE78-CEFCF49AC51D}.LicenceDebug|Any CPU.ActiveCfg = LicenceDebug|Any CPU
		{E93815D4-AD88-4AD4-BE78-CEFCF49AC51D}.LicenceDebug|Any CPU.Build.0 = LicenceDebug|Any CPU
		{E93815D4-AD88-4AD4-BE78-CEFCF49AC51D}.LicenceRelease|Any CPU.ActiveCfg = LicenceRelease|Any CPU
		{E93815D4-AD88-4AD4-BE78-CEFCF49AC51D}.LicenceRelease|Any CPU.Build.0 = LicenceRelease|Any CPU
		{E93815D4-AD88-4AD4-BE78-CEFCF49AC51D}.PublicMonitorRelease|Any CPU.ActiveCfg = Release|Any CPU
		{E93815D4-AD88-4AD4-BE78-CEFCF49AC51D}.PublicMonitorRelease|Any CPU.Build.0 = Release|Any CPU
		{E93815D4-AD88-4AD4-BE78-CEFCF49AC51D}.Release(DebugInfo)|Any CPU.ActiveCfg = Release(DebugInfo)|Any CPU
		{E93815D4-AD88-4AD4-BE78-CEFCF49AC51D}.Release(DebugInfo)|Any CPU.Build.0 = Release(DebugInfo)|Any CPU
		{E93815D4-AD88-4AD4-BE78-CEFCF49AC51D}.Release|Any CPU.ActiveCfg = Release|Any CPU
		{E93815D4-AD88-4AD4-BE78-CEFCF49AC51D}.Release|Any CPU.Build.0 = Release|Any CPU
		{E93815D4-AD88-4AD4-BE78-CEFCF49AC51D}.ReleaseMonNoUpdate(DebugInfo)|Any CPU.ActiveCfg = Release|Any CPU
		{E93815D4-AD88-4AD4-BE78-CEFCF49AC51D}.ReleaseMonNoUpdate(DebugInfo)|Any CPU.Build.0 = Release|Any CPU
		{E93815D4-AD88-4AD4-BE78-CEFCF49AC51D}.ReleaseMuToFTP|Any CPU.ActiveCfg = ReleaseNoUpdate|Any CPU
		{E93815D4-AD88-4AD4-BE78-CEFCF49AC51D}.ReleaseMuToFTP|Any CPU.Build.0 = ReleaseNoUpdate|Any CPU
		{E93815D4-AD88-4AD4-BE78-CEFCF49AC51D}.ReleaseNoUpdate|Any CPU.ActiveCfg = ReleaseNoUpdate|Any CPU
		{E93815D4-AD88-4AD4-BE78-CEFCF49AC51D}.ReleaseNoUpdate|Any CPU.Build.0 = ReleaseNoUpdate|Any CPU
		{E93815D4-AD88-4AD4-BE78-CEFCF49AC51D}.TestReleaseToFTP|Any CPU.ActiveCfg = TestReleaseToFTP|Any CPU
		{E93815D4-AD88-4AD4-BE78-CEFCF49AC51D}.TestReleaseToFTP|Any CPU.Build.0 = TestReleaseToFTP|Any CPU
		{9D118B74-6086-466B-9574-E1AD31C9DED6}.Debug(No1C)|Any CPU.ActiveCfg = Debug|Any CPU
		{9D118B74-6086-466B-9574-E1AD31C9DED6}.Debug(No1C)|Any CPU.Build.0 = Debug|Any CPU
		{9D118B74-6086-466B-9574-E1AD31C9DED6}.Debug|Any CPU.ActiveCfg = Debug|Any CPU
		{9D118B74-6086-466B-9574-E1AD31C9DED6}.Debug|Any CPU.Build.0 = Debug|Any CPU
		{9D118B74-6086-466B-9574-E1AD31C9DED6}.DemoRelease(NoUpdate)|Any CPU.ActiveCfg = DemoRelease(NoUpdate)|Any CPU
		{9D118B74-6086-466B-9574-E1AD31C9DED6}.DemoRelease(NoUpdate)|Any CPU.Build.0 = DemoRelease(NoUpdate)|Any CPU
		{9D118B74-6086-466B-9574-E1AD31C9DED6}.DemoRelease|Any CPU.ActiveCfg = DemoRelease|Any CPU
		{9D118B74-6086-466B-9574-E1AD31C9DED6}.DemoRelease|Any CPU.Build.0 = DemoRelease|Any CPU
		{9D118B74-6086-466B-9574-E1AD31C9DED6}.LicenceDebug|Any CPU.ActiveCfg = LicenceDebug|Any CPU
		{9D118B74-6086-466B-9574-E1AD31C9DED6}.LicenceDebug|Any CPU.Build.0 = LicenceDebug|Any CPU
		{9D118B74-6086-466B-9574-E1AD31C9DED6}.LicenceRelease|Any CPU.ActiveCfg = LicenceRelease|Any CPU
		{9D118B74-6086-466B-9574-E1AD31C9DED6}.LicenceRelease|Any CPU.Build.0 = LicenceRelease|Any CPU
		{9D118B74-6086-466B-9574-E1AD31C9DED6}.PublicMonitorRelease|Any CPU.ActiveCfg = Release|Any CPU
		{9D118B74-6086-466B-9574-E1AD31C9DED6}.PublicMonitorRelease|Any CPU.Build.0 = Release|Any CPU
		{9D118B74-6086-466B-9574-E1AD31C9DED6}.Release(DebugInfo)|Any CPU.ActiveCfg = Release(DebugInfo)|Any CPU
		{9D118B74-6086-466B-9574-E1AD31C9DED6}.Release(DebugInfo)|Any CPU.Build.0 = Release(DebugInfo)|Any CPU
		{9D118B74-6086-466B-9574-E1AD31C9DED6}.Release|Any CPU.ActiveCfg = Release|Any CPU
		{9D118B74-6086-466B-9574-E1AD31C9DED6}.Release|Any CPU.Build.0 = Release|Any CPU
		{9D118B74-6086-466B-9574-E1AD31C9DED6}.ReleaseMonNoUpdate(DebugInfo)|Any CPU.ActiveCfg = Release|Any CPU
		{9D118B74-6086-466B-9574-E1AD31C9DED6}.ReleaseMonNoUpdate(DebugInfo)|Any CPU.Build.0 = Release|Any CPU
		{9D118B74-6086-466B-9574-E1AD31C9DED6}.ReleaseMuToFTP|Any CPU.ActiveCfg = ReleaseNoUpdate|Any CPU
		{9D118B74-6086-466B-9574-E1AD31C9DED6}.ReleaseMuToFTP|Any CPU.Build.0 = ReleaseNoUpdate|Any CPU
		{9D118B74-6086-466B-9574-E1AD31C9DED6}.ReleaseNoUpdate|Any CPU.ActiveCfg = ReleaseNoUpdate|Any CPU
		{9D118B74-6086-466B-9574-E1AD31C9DED6}.ReleaseNoUpdate|Any CPU.Build.0 = ReleaseNoUpdate|Any CPU
		{9D118B74-6086-466B-9574-E1AD31C9DED6}.TestReleaseToFTP|Any CPU.ActiveCfg = TestReleaseToFTP|Any CPU
		{9D118B74-6086-466B-9574-E1AD31C9DED6}.TestReleaseToFTP|Any CPU.Build.0 = TestReleaseToFTP|Any CPU
		{AC58F3E9-F1D5-410F-8A8E-A357F7EBCEDA}.Debug(No1C)|Any CPU.ActiveCfg = Debug|Any CPU
		{AC58F3E9-F1D5-410F-8A8E-A357F7EBCEDA}.Debug(No1C)|Any CPU.Build.0 = Debug|Any CPU
		{AC58F3E9-F1D5-410F-8A8E-A357F7EBCEDA}.Debug|Any CPU.ActiveCfg = Debug|Any CPU
		{AC58F3E9-F1D5-410F-8A8E-A357F7EBCEDA}.Debug|Any CPU.Build.0 = Debug|Any CPU
		{AC58F3E9-F1D5-410F-8A8E-A357F7EBCEDA}.DemoRelease(NoUpdate)|Any CPU.ActiveCfg = DemoRelease(NoUpdate)|Any CPU
		{AC58F3E9-F1D5-410F-8A8E-A357F7EBCEDA}.DemoRelease(NoUpdate)|Any CPU.Build.0 = DemoRelease(NoUpdate)|Any CPU
		{AC58F3E9-F1D5-410F-8A8E-A357F7EBCEDA}.DemoRelease|Any CPU.ActiveCfg = DemoRelease|Any CPU
		{AC58F3E9-F1D5-410F-8A8E-A357F7EBCEDA}.DemoRelease|Any CPU.Build.0 = DemoRelease|Any CPU
		{AC58F3E9-F1D5-410F-8A8E-A357F7EBCEDA}.LicenceDebug|Any CPU.ActiveCfg = LicenceDebug|Any CPU
		{AC58F3E9-F1D5-410F-8A8E-A357F7EBCEDA}.LicenceDebug|Any CPU.Build.0 = LicenceDebug|Any CPU
		{AC58F3E9-F1D5-410F-8A8E-A357F7EBCEDA}.LicenceRelease|Any CPU.ActiveCfg = LicenceRelease|Any CPU
		{AC58F3E9-F1D5-410F-8A8E-A357F7EBCEDA}.LicenceRelease|Any CPU.Build.0 = LicenceRelease|Any CPU
		{AC58F3E9-F1D5-410F-8A8E-A357F7EBCEDA}.PublicMonitorRelease|Any CPU.ActiveCfg = Release|Any CPU
		{AC58F3E9-F1D5-410F-8A8E-A357F7EBCEDA}.PublicMonitorRelease|Any CPU.Build.0 = Release|Any CPU
		{AC58F3E9-F1D5-410F-8A8E-A357F7EBCEDA}.Release(DebugInfo)|Any CPU.ActiveCfg = Release(DebugInfo)|Any CPU
		{AC58F3E9-F1D5-410F-8A8E-A357F7EBCEDA}.Release(DebugInfo)|Any CPU.Build.0 = Release(DebugInfo)|Any CPU
		{AC58F3E9-F1D5-410F-8A8E-A357F7EBCEDA}.Release|Any CPU.ActiveCfg = Release|Any CPU
		{AC58F3E9-F1D5-410F-8A8E-A357F7EBCEDA}.Release|Any CPU.Build.0 = Release|Any CPU
		{AC58F3E9-F1D5-410F-8A8E-A357F7EBCEDA}.ReleaseMonNoUpdate(DebugInfo)|Any CPU.ActiveCfg = Release|Any CPU
		{AC58F3E9-F1D5-410F-8A8E-A357F7EBCEDA}.ReleaseMonNoUpdate(DebugInfo)|Any CPU.Build.0 = Release|Any CPU
		{AC58F3E9-F1D5-410F-8A8E-A357F7EBCEDA}.ReleaseMuToFTP|Any CPU.ActiveCfg = ReleaseNoUpdate|Any CPU
		{AC58F3E9-F1D5-410F-8A8E-A357F7EBCEDA}.ReleaseMuToFTP|Any CPU.Build.0 = ReleaseNoUpdate|Any CPU
		{AC58F3E9-F1D5-410F-8A8E-A357F7EBCEDA}.ReleaseNoUpdate|Any CPU.ActiveCfg = ReleaseNoUpdate|Any CPU
		{AC58F3E9-F1D5-410F-8A8E-A357F7EBCEDA}.ReleaseNoUpdate|Any CPU.Build.0 = ReleaseNoUpdate|Any CPU
		{AC58F3E9-F1D5-410F-8A8E-A357F7EBCEDA}.TestReleaseToFTP|Any CPU.ActiveCfg = Release|Any CPU
		{AC58F3E9-F1D5-410F-8A8E-A357F7EBCEDA}.TestReleaseToFTP|Any CPU.Build.0 = Release|Any CPU
		{DF41638F-1AAB-4ED2-B554-9FCD30AAF744}.Debug(No1C)|Any CPU.ActiveCfg = Debug|Any CPU
		{DF41638F-1AAB-4ED2-B554-9FCD30AAF744}.Debug(No1C)|Any CPU.Build.0 = Debug|Any CPU
		{DF41638F-1AAB-4ED2-B554-9FCD30AAF744}.Debug|Any CPU.ActiveCfg = Debug|Any CPU
		{DF41638F-1AAB-4ED2-B554-9FCD30AAF744}.Debug|Any CPU.Build.0 = Debug|Any CPU
		{DF41638F-1AAB-4ED2-B554-9FCD30AAF744}.DemoRelease(NoUpdate)|Any CPU.ActiveCfg = DemoRelease(NoUpdate)|Any CPU
		{DF41638F-1AAB-4ED2-B554-9FCD30AAF744}.DemoRelease(NoUpdate)|Any CPU.Build.0 = DemoRelease(NoUpdate)|Any CPU
		{DF41638F-1AAB-4ED2-B554-9FCD30AAF744}.DemoRelease|Any CPU.ActiveCfg = DemoRelease|Any CPU
		{DF41638F-1AAB-4ED2-B554-9FCD30AAF744}.DemoRelease|Any CPU.Build.0 = DemoRelease|Any CPU
		{DF41638F-1AAB-4ED2-B554-9FCD30AAF744}.LicenceDebug|Any CPU.ActiveCfg = LicenceDebug|Any CPU
		{DF41638F-1AAB-4ED2-B554-9FCD30AAF744}.LicenceDebug|Any CPU.Build.0 = LicenceDebug|Any CPU
		{DF41638F-1AAB-4ED2-B554-9FCD30AAF744}.LicenceRelease|Any CPU.ActiveCfg = LicenceRelease|Any CPU
		{DF41638F-1AAB-4ED2-B554-9FCD30AAF744}.LicenceRelease|Any CPU.Build.0 = LicenceRelease|Any CPU
		{DF41638F-1AAB-4ED2-B554-9FCD30AAF744}.PublicMonitorRelease|Any CPU.ActiveCfg = PublicMonitorRelease|Any CPU
		{DF41638F-1AAB-4ED2-B554-9FCD30AAF744}.PublicMonitorRelease|Any CPU.Build.0 = PublicMonitorRelease|Any CPU
		{DF41638F-1AAB-4ED2-B554-9FCD30AAF744}.Release(DebugInfo)|Any CPU.ActiveCfg = Release(DebugInfo)|Any CPU
		{DF41638F-1AAB-4ED2-B554-9FCD30AAF744}.Release(DebugInfo)|Any CPU.Build.0 = Release(DebugInfo)|Any CPU
		{DF41638F-1AAB-4ED2-B554-9FCD30AAF744}.Release|Any CPU.ActiveCfg = Release|Any CPU
		{DF41638F-1AAB-4ED2-B554-9FCD30AAF744}.Release|Any CPU.Build.0 = Release|Any CPU
		{DF41638F-1AAB-4ED2-B554-9FCD30AAF744}.ReleaseMonNoUpdate(DebugInfo)|Any CPU.ActiveCfg = ReleaseMonNoUpdate(DebugInfo)|Any CPU
		{DF41638F-1AAB-4ED2-B554-9FCD30AAF744}.ReleaseMonNoUpdate(DebugInfo)|Any CPU.Build.0 = ReleaseMonNoUpdate(DebugInfo)|Any CPU
		{DF41638F-1AAB-4ED2-B554-9FCD30AAF744}.ReleaseMuToFTP|Any CPU.ActiveCfg = ReleaseMonNoUpdate(DebugInfo)|Any CPU
		{DF41638F-1AAB-4ED2-B554-9FCD30AAF744}.ReleaseMuToFTP|Any CPU.Build.0 = ReleaseMonNoUpdate(DebugInfo)|Any CPU
		{DF41638F-1AAB-4ED2-B554-9FCD30AAF744}.ReleaseNoUpdate|Any CPU.ActiveCfg = ReleaseNoUpdate|Any CPU
		{DF41638F-1AAB-4ED2-B554-9FCD30AAF744}.ReleaseNoUpdate|Any CPU.Build.0 = ReleaseNoUpdate|Any CPU
		{DF41638F-1AAB-4ED2-B554-9FCD30AAF744}.TestReleaseToFTP|Any CPU.ActiveCfg = Release|Any CPU
		{DF41638F-1AAB-4ED2-B554-9FCD30AAF744}.TestReleaseToFTP|Any CPU.Build.0 = Release|Any CPU
		{D41258F7-69EB-48CD-874B-FD4FD7E1D8E3}.Debug(No1C)|Any CPU.ActiveCfg = Debug|Any CPU
		{D41258F7-69EB-48CD-874B-FD4FD7E1D8E3}.Debug(No1C)|Any CPU.Build.0 = Debug|Any CPU
		{D41258F7-69EB-48CD-874B-FD4FD7E1D8E3}.Debug|Any CPU.ActiveCfg = Debug|Any CPU
		{D41258F7-69EB-48CD-874B-FD4FD7E1D8E3}.Debug|Any CPU.Build.0 = Debug|Any CPU
		{D41258F7-69EB-48CD-874B-FD4FD7E1D8E3}.DemoRelease(NoUpdate)|Any CPU.ActiveCfg = DemoRelease(NoUpdate)|Any CPU
		{D41258F7-69EB-48CD-874B-FD4FD7E1D8E3}.DemoRelease(NoUpdate)|Any CPU.Build.0 = DemoRelease(NoUpdate)|Any CPU
		{D41258F7-69EB-48CD-874B-FD4FD7E1D8E3}.DemoRelease|Any CPU.ActiveCfg = DemoRelease|Any CPU
		{D41258F7-69EB-48CD-874B-FD4FD7E1D8E3}.DemoRelease|Any CPU.Build.0 = DemoRelease|Any CPU
		{D41258F7-69EB-48CD-874B-FD4FD7E1D8E3}.LicenceDebug|Any CPU.ActiveCfg = LicenceDebug|Any CPU
		{D41258F7-69EB-48CD-874B-FD4FD7E1D8E3}.LicenceDebug|Any CPU.Build.0 = LicenceDebug|Any CPU
		{D41258F7-69EB-48CD-874B-FD4FD7E1D8E3}.LicenceRelease|Any CPU.ActiveCfg = LicenceRelease|Any CPU
		{D41258F7-69EB-48CD-874B-FD4FD7E1D8E3}.LicenceRelease|Any CPU.Build.0 = LicenceRelease|Any CPU
		{D41258F7-69EB-48CD-874B-FD4FD7E1D8E3}.PublicMonitorRelease|Any CPU.ActiveCfg = Release|Any CPU
		{D41258F7-69EB-48CD-874B-FD4FD7E1D8E3}.PublicMonitorRelease|Any CPU.Build.0 = Release|Any CPU
		{D41258F7-69EB-48CD-874B-FD4FD7E1D8E3}.Release(DebugInfo)|Any CPU.ActiveCfg = Release(DebugInfo)|Any CPU
		{D41258F7-69EB-48CD-874B-FD4FD7E1D8E3}.Release(DebugInfo)|Any CPU.Build.0 = Release(DebugInfo)|Any CPU
		{D41258F7-69EB-48CD-874B-FD4FD7E1D8E3}.Release|Any CPU.ActiveCfg = Release|Any CPU
		{D41258F7-69EB-48CD-874B-FD4FD7E1D8E3}.Release|Any CPU.Build.0 = Release|Any CPU
		{D41258F7-69EB-48CD-874B-FD4FD7E1D8E3}.ReleaseMonNoUpdate(DebugInfo)|Any CPU.ActiveCfg = Release|Any CPU
		{D41258F7-69EB-48CD-874B-FD4FD7E1D8E3}.ReleaseMonNoUpdate(DebugInfo)|Any CPU.Build.0 = Release|Any CPU
		{D41258F7-69EB-48CD-874B-FD4FD7E1D8E3}.ReleaseMuToFTP|Any CPU.ActiveCfg = ReleaseNoUpdate|Any CPU
		{D41258F7-69EB-48CD-874B-FD4FD7E1D8E3}.ReleaseMuToFTP|Any CPU.Build.0 = ReleaseNoUpdate|Any CPU
		{D41258F7-69EB-48CD-874B-FD4FD7E1D8E3}.ReleaseNoUpdate|Any CPU.ActiveCfg = ReleaseNoUpdate|Any CPU
		{D41258F7-69EB-48CD-874B-FD4FD7E1D8E3}.ReleaseNoUpdate|Any CPU.Build.0 = ReleaseNoUpdate|Any CPU
		{D41258F7-69EB-48CD-874B-FD4FD7E1D8E3}.TestReleaseToFTP|Any CPU.ActiveCfg = Release|Any CPU
		{D41258F7-69EB-48CD-874B-FD4FD7E1D8E3}.TestReleaseToFTP|Any CPU.Build.0 = Release|Any CPU
		{97931FBE-6D8D-4FB9-8916-E40D94124850}.Debug(No1C)|Any CPU.ActiveCfg = Debug|Any CPU
		{97931FBE-6D8D-4FB9-8916-E40D94124850}.Debug(No1C)|Any CPU.Build.0 = Debug|Any CPU
		{97931FBE-6D8D-4FB9-8916-E40D94124850}.Debug|Any CPU.ActiveCfg = Debug|Any CPU
		{97931FBE-6D8D-4FB9-8916-E40D94124850}.Debug|Any CPU.Build.0 = Debug|Any CPU
		{97931FBE-6D8D-4FB9-8916-E40D94124850}.DemoRelease(NoUpdate)|Any CPU.ActiveCfg = DemoRelease(NoUpdate)|Any CPU
		{97931FBE-6D8D-4FB9-8916-E40D94124850}.DemoRelease(NoUpdate)|Any CPU.Build.0 = DemoRelease(NoUpdate)|Any CPU
		{97931FBE-6D8D-4FB9-8916-E40D94124850}.DemoRelease|Any CPU.ActiveCfg = DemoRelease|Any CPU
		{97931FBE-6D8D-4FB9-8916-E40D94124850}.DemoRelease|Any CPU.Build.0 = DemoRelease|Any CPU
		{97931FBE-6D8D-4FB9-8916-E40D94124850}.LicenceDebug|Any CPU.ActiveCfg = LicenceDebug|Any CPU
		{97931FBE-6D8D-4FB9-8916-E40D94124850}.LicenceDebug|Any CPU.Build.0 = LicenceDebug|Any CPU
		{97931FBE-6D8D-4FB9-8916-E40D94124850}.LicenceRelease|Any CPU.ActiveCfg = LicenceRelease|Any CPU
		{97931FBE-6D8D-4FB9-8916-E40D94124850}.LicenceRelease|Any CPU.Build.0 = LicenceRelease|Any CPU
		{97931FBE-6D8D-4FB9-8916-E40D94124850}.PublicMonitorRelease|Any CPU.ActiveCfg = Release|Any CPU
		{97931FBE-6D8D-4FB9-8916-E40D94124850}.PublicMonitorRelease|Any CPU.Build.0 = Release|Any CPU
		{97931FBE-6D8D-4FB9-8916-E40D94124850}.Release(DebugInfo)|Any CPU.ActiveCfg = Release(DebugInfo)|Any CPU
		{97931FBE-6D8D-4FB9-8916-E40D94124850}.Release(DebugInfo)|Any CPU.Build.0 = Release(DebugInfo)|Any CPU
		{97931FBE-6D8D-4FB9-8916-E40D94124850}.Release|Any CPU.ActiveCfg = Release|Any CPU
		{97931FBE-6D8D-4FB9-8916-E40D94124850}.Release|Any CPU.Build.0 = Release|Any CPU
		{97931FBE-6D8D-4FB9-8916-E40D94124850}.ReleaseMonNoUpdate(DebugInfo)|Any CPU.ActiveCfg = Release|Any CPU
		{97931FBE-6D8D-4FB9-8916-E40D94124850}.ReleaseMonNoUpdate(DebugInfo)|Any CPU.Build.0 = Release|Any CPU
		{97931FBE-6D8D-4FB9-8916-E40D94124850}.ReleaseMuToFTP|Any CPU.ActiveCfg = ReleaseNoUpdate|Any CPU
		{97931FBE-6D8D-4FB9-8916-E40D94124850}.ReleaseMuToFTP|Any CPU.Build.0 = ReleaseNoUpdate|Any CPU
		{97931FBE-6D8D-4FB9-8916-E40D94124850}.ReleaseNoUpdate|Any CPU.ActiveCfg = ReleaseNoUpdate|Any CPU
		{97931FBE-6D8D-4FB9-8916-E40D94124850}.ReleaseNoUpdate|Any CPU.Build.0 = ReleaseNoUpdate|Any CPU
		{97931FBE-6D8D-4FB9-8916-E40D94124850}.TestReleaseToFTP|Any CPU.ActiveCfg = Release|Any CPU
		{97931FBE-6D8D-4FB9-8916-E40D94124850}.TestReleaseToFTP|Any CPU.Build.0 = Release|Any CPU
		{C4D68C65-9FEF-472F-93D8-7509A4A77F68}.Debug(No1C)|Any CPU.ActiveCfg = Debug|Any CPU
		{C4D68C65-9FEF-472F-93D8-7509A4A77F68}.Debug(No1C)|Any CPU.Build.0 = Debug|Any CPU
		{C4D68C65-9FEF-472F-93D8-7509A4A77F68}.Debug|Any CPU.ActiveCfg = Debug|Any CPU
		{C4D68C65-9FEF-472F-93D8-7509A4A77F68}.Debug|Any CPU.Build.0 = Debug|Any CPU
		{C4D68C65-9FEF-472F-93D8-7509A4A77F68}.DemoRelease(NoUpdate)|Any CPU.ActiveCfg = Release|Any CPU
		{C4D68C65-9FEF-472F-93D8-7509A4A77F68}.DemoRelease|Any CPU.ActiveCfg = Release|Any CPU
		{C4D68C65-9FEF-472F-93D8-7509A4A77F68}.LicenceDebug|Any CPU.ActiveCfg = Debug|Any CPU
		{C4D68C65-9FEF-472F-93D8-7509A4A77F68}.LicenceRelease|Any CPU.ActiveCfg = Release|Any CPU
		{C4D68C65-9FEF-472F-93D8-7509A4A77F68}.PublicMonitorRelease|Any CPU.ActiveCfg = Release|Any CPU
		{C4D68C65-9FEF-472F-93D8-7509A4A77F68}.PublicMonitorRelease|Any CPU.Build.0 = Release|Any CPU
		{C4D68C65-9FEF-472F-93D8-7509A4A77F68}.Release(DebugInfo)|Any CPU.ActiveCfg = Release|Any CPU
		{C4D68C65-9FEF-472F-93D8-7509A4A77F68}.Release|Any CPU.ActiveCfg = Release|Any CPU
		{C4D68C65-9FEF-472F-93D8-7509A4A77F68}.Release|Any CPU.Build.0 = Release|Any CPU
		{C4D68C65-9FEF-472F-93D8-7509A4A77F68}.ReleaseMonNoUpdate(DebugInfo)|Any CPU.ActiveCfg = Release|Any CPU
		{C4D68C65-9FEF-472F-93D8-7509A4A77F68}.ReleaseMuToFTP|Any CPU.ActiveCfg = Release|Any CPU
		{C4D68C65-9FEF-472F-93D8-7509A4A77F68}.ReleaseMuToFTP|Any CPU.Build.0 = Release|Any CPU
		{C4D68C65-9FEF-472F-93D8-7509A4A77F68}.ReleaseNoUpdate|Any CPU.ActiveCfg = Release|Any CPU
		{C4D68C65-9FEF-472F-93D8-7509A4A77F68}.TestReleaseToFTP|Any CPU.ActiveCfg = Release|Any CPU
		{C4D68C65-9FEF-472F-93D8-7509A4A77F68}.TestReleaseToFTP|Any CPU.Build.0 = Release|Any CPU
		{C78C623B-2F67-4FFF-863B-0B5D48270255}.Debug(No1C)|Any CPU.ActiveCfg = Debug|Any CPU
		{C78C623B-2F67-4FFF-863B-0B5D48270255}.Debug(No1C)|Any CPU.Build.0 = Debug|Any CPU
		{C78C623B-2F67-4FFF-863B-0B5D48270255}.Debug|Any CPU.ActiveCfg = Debug|Any CPU
		{C78C623B-2F67-4FFF-863B-0B5D48270255}.Debug|Any CPU.Build.0 = Debug|Any CPU
		{C78C623B-2F67-4FFF-863B-0B5D48270255}.DemoRelease(NoUpdate)|Any CPU.ActiveCfg = DemoRelease(NoUpdate)|Any CPU
		{C78C623B-2F67-4FFF-863B-0B5D48270255}.DemoRelease(NoUpdate)|Any CPU.Build.0 = DemoRelease(NoUpdate)|Any CPU
		{C78C623B-2F67-4FFF-863B-0B5D48270255}.DemoRelease|Any CPU.ActiveCfg = DemoRelease|Any CPU
		{C78C623B-2F67-4FFF-863B-0B5D48270255}.DemoRelease|Any CPU.Build.0 = DemoRelease|Any CPU
		{C78C623B-2F67-4FFF-863B-0B5D48270255}.LicenceDebug|Any CPU.ActiveCfg = LicenceDebug|Any CPU
		{C78C623B-2F67-4FFF-863B-0B5D48270255}.LicenceDebug|Any CPU.Build.0 = LicenceDebug|Any CPU
		{C78C623B-2F67-4FFF-863B-0B5D48270255}.LicenceRelease|Any CPU.ActiveCfg = LicenceRelease|Any CPU
		{C78C623B-2F67-4FFF-863B-0B5D48270255}.LicenceRelease|Any CPU.Build.0 = LicenceRelease|Any CPU
		{C78C623B-2F67-4FFF-863B-0B5D48270255}.PublicMonitorRelease|Any CPU.ActiveCfg = Release|Any CPU
		{C78C623B-2F67-4FFF-863B-0B5D48270255}.PublicMonitorRelease|Any CPU.Build.0 = Release|Any CPU
		{C78C623B-2F67-4FFF-863B-0B5D48270255}.Release(DebugInfo)|Any CPU.ActiveCfg = Release(DebugInfo)|Any CPU
		{C78C623B-2F67-4FFF-863B-0B5D48270255}.Release(DebugInfo)|Any CPU.Build.0 = Release(DebugInfo)|Any CPU
		{C78C623B-2F67-4FFF-863B-0B5D48270255}.Release|Any CPU.ActiveCfg = Release|Any CPU
		{C78C623B-2F67-4FFF-863B-0B5D48270255}.Release|Any CPU.Build.0 = Release|Any CPU
		{C78C623B-2F67-4FFF-863B-0B5D48270255}.ReleaseMonNoUpdate(DebugInfo)|Any CPU.ActiveCfg = ReleaseNoUpdate|Any CPU
		{C78C623B-2F67-4FFF-863B-0B5D48270255}.ReleaseMonNoUpdate(DebugInfo)|Any CPU.Build.0 = ReleaseNoUpdate|Any CPU
		{C78C623B-2F67-4FFF-863B-0B5D48270255}.ReleaseMuToFTP|Any CPU.ActiveCfg = ReleaseNoUpdate|Any CPU
		{C78C623B-2F67-4FFF-863B-0B5D48270255}.ReleaseMuToFTP|Any CPU.Build.0 = ReleaseNoUpdate|Any CPU
		{C78C623B-2F67-4FFF-863B-0B5D48270255}.ReleaseNoUpdate|Any CPU.ActiveCfg = ReleaseNoUpdate|Any CPU
		{C78C623B-2F67-4FFF-863B-0B5D48270255}.ReleaseNoUpdate|Any CPU.Build.0 = ReleaseNoUpdate|Any CPU
		{C78C623B-2F67-4FFF-863B-0B5D48270255}.TestReleaseToFTP|Any CPU.ActiveCfg = TestReleaseToFTP|Any CPU
		{C78C623B-2F67-4FFF-863B-0B5D48270255}.TestReleaseToFTP|Any CPU.Build.0 = TestReleaseToFTP|Any CPU
		{86586D34-381D-4D26-A220-B328B7BA91B9}.Debug(No1C)|Any CPU.ActiveCfg = Debug|Any CPU
		{86586D34-381D-4D26-A220-B328B7BA91B9}.Debug(No1C)|Any CPU.Build.0 = Debug|Any CPU
		{86586D34-381D-4D26-A220-B328B7BA91B9}.Debug|Any CPU.ActiveCfg = Debug|Any CPU
		{86586D34-381D-4D26-A220-B328B7BA91B9}.Debug|Any CPU.Build.0 = Debug|Any CPU
		{86586D34-381D-4D26-A220-B328B7BA91B9}.DemoRelease(NoUpdate)|Any CPU.ActiveCfg = DemoRelease(NoUpdate)|Any CPU
		{86586D34-381D-4D26-A220-B328B7BA91B9}.DemoRelease(NoUpdate)|Any CPU.Build.0 = DemoRelease(NoUpdate)|Any CPU
		{86586D34-381D-4D26-A220-B328B7BA91B9}.DemoRelease|Any CPU.ActiveCfg = DemoRelease|Any CPU
		{86586D34-381D-4D26-A220-B328B7BA91B9}.DemoRelease|Any CPU.Build.0 = DemoRelease|Any CPU
		{86586D34-381D-4D26-A220-B328B7BA91B9}.LicenceDebug|Any CPU.ActiveCfg = Debug|Any CPU
		{86586D34-381D-4D26-A220-B328B7BA91B9}.LicenceRelease|Any CPU.ActiveCfg = Release|Any CPU
		{86586D34-381D-4D26-A220-B328B7BA91B9}.PublicMonitorRelease|Any CPU.ActiveCfg = Release|Any CPU
		{86586D34-381D-4D26-A220-B328B7BA91B9}.PublicMonitorRelease|Any CPU.Build.0 = Release|Any CPU
		{86586D34-381D-4D26-A220-B328B7BA91B9}.Release(DebugInfo)|Any CPU.ActiveCfg = Release|Any CPU
		{86586D34-381D-4D26-A220-B328B7BA91B9}.Release(DebugInfo)|Any CPU.Build.0 = Release|Any CPU
		{86586D34-381D-4D26-A220-B328B7BA91B9}.Release|Any CPU.ActiveCfg = Release|Any CPU
		{86586D34-381D-4D26-A220-B328B7BA91B9}.Release|Any CPU.Build.0 = Release|Any CPU
		{86586D34-381D-4D26-A220-B328B7BA91B9}.ReleaseMonNoUpdate(DebugInfo)|Any CPU.ActiveCfg = Release|Any CPU
		{86586D34-381D-4D26-A220-B328B7BA91B9}.ReleaseMonNoUpdate(DebugInfo)|Any CPU.Build.0 = Release|Any CPU
		{86586D34-381D-4D26-A220-B328B7BA91B9}.ReleaseMuToFTP|Any CPU.ActiveCfg = Release|Any CPU
		{86586D34-381D-4D26-A220-B328B7BA91B9}.ReleaseMuToFTP|Any CPU.Build.0 = Release|Any CPU
		{86586D34-381D-4D26-A220-B328B7BA91B9}.ReleaseNoUpdate|Any CPU.ActiveCfg = Release|Any CPU
		{86586D34-381D-4D26-A220-B328B7BA91B9}.ReleaseNoUpdate|Any CPU.Build.0 = Release|Any CPU
		{86586D34-381D-4D26-A220-B328B7BA91B9}.TestReleaseToFTP|Any CPU.ActiveCfg = Release|Any CPU
		{86586D34-381D-4D26-A220-B328B7BA91B9}.TestReleaseToFTP|Any CPU.Build.0 = Release|Any CPU
	EndGlobalSection
	GlobalSection(SolutionProperties) = preSolution
		HideSolutionNode = FALSE
	EndGlobalSection
	GlobalSection(NestedProjects) = preSolution
		{37260178-9B84-4673-B27F-9F70A408739A} = {E24A29E9-96AD-4182-B57D-B24DC6836A1B}
		{D07B1F6C-D42C-4C1C-A2FB-767D685DF979} = {E24A29E9-96AD-4182-B57D-B24DC6836A1B}
		{0066DDCE-78D7-4D16-912E-0FB61EF9CFB7} = {E24A29E9-96AD-4182-B57D-B24DC6836A1B}
		{EDE68B4A-5883-4541-9263-9C71619CC6E2} = {E24A29E9-96AD-4182-B57D-B24DC6836A1B}
		{E93815D4-AD88-4AD4-BE78-CEFCF49AC51D} = {E24A29E9-96AD-4182-B57D-B24DC6836A1B}
		{9D118B74-6086-466B-9574-E1AD31C9DED6} = {E24A29E9-96AD-4182-B57D-B24DC6836A1B}
		{AC58F3E9-F1D5-410F-8A8E-A357F7EBCEDA} = {A797044C-5E29-4E8F-B39A-302CE9DD6861}
		{DF41638F-1AAB-4ED2-B554-9FCD30AAF744} = {A83E79B3-BA1E-4133-8FEF-094EA21B229F}
		{D41258F7-69EB-48CD-874B-FD4FD7E1D8E3} = {A83E79B3-BA1E-4133-8FEF-094EA21B229F}
		{97931FBE-6D8D-4FB9-8916-E40D94124850} = {A797044C-5E29-4E8F-B39A-302CE9DD6861}
		{C4D68C65-9FEF-472F-93D8-7509A4A77F68} = {A83E79B3-BA1E-4133-8FEF-094EA21B229F}
		{C78C623B-2F67-4FFF-863B-0B5D48270255} = {9DC13404-9F7C-4A02-972D-C990987B47D0}
		{86586D34-381D-4D26-A220-B328B7BA91B9} = {9DC13404-9F7C-4A02-972D-C990987B47D0}
	EndGlobalSection
EndGlobal
