
Microsoft Visual Studio Solution File, Format Version 12.00
# Visual Studio 14
VisualStudioVersion = 14.0.25420.1
MinimumVisualStudioVersion = 10.0.40219.1
Project("{FAE04EC0-301F-11D3-BF4B-00C04F79EFBC}") = "OperatioinDebugger", "OperatioinDebugger\OperatioinDebugger.csproj", "{BF6B23CB-CB31-41DB-A34A-6BD816EAC068}"
EndProject
Project("{FAE04EC0-301F-11D3-BF4B-00C04F79EFBC}") = "CouchDBDeployerPlugin", "CouchDBDeployerPlugin\CouchDBDeployerPlugin.csproj", "{07C7BE50-AA53-4DA2-B463-6F157DD886CA}"
EndProject
Project("{FAE04EC0-301F-11D3-BF4B-00C04F79EFBC}") = "DownloadAnyFilesPlugin", "DownloadAnyFilesPlugin\DownloadAnyFilesPlugin.csproj", "{7AA60B99-B033-4FA7-AD03-E0A868A88AD7}"
EndProject
Project("{FAE04EC0-301F-11D3-BF4B-00C04F79EFBC}") = "RenameAnyFilePlugin", "RenameAnyFilePlugin\RenameAnyFilePlugin.csproj", "{F4470F4C-F23A-4637-B9D1-CB31CD1BA33B}"
EndProject
Project("{FAE04EC0-301F-11D3-BF4B-00C04F79EFBC}") = "CouchDbInitIndexPlugin", "CouchDbInitIndexPlugin\CouchDbInitIndexPlugin.csproj", "{38234495-70E3-407B-AAB6-C342989D1841}"
EndProject
Project("{FAE04EC0-301F-11D3-BF4B-00C04F79EFBC}") = "CouchDbExecuteCommandPlugin", "CouchDbExecuteCommandPlugin\CouchDbExecuteCommandPlugin.csproj", "{7DF5F825-6690-4C7D-9545-EFF3AC78B1BE}"
EndProject
Project("{2150E333-8FDC-42A3-9474-1A3956D46DE8}") = "CouchDB", "CouchDB", "{23B0D594-91FA-40EE-817A-024103BBE537}"
EndProject
Project("{2150E333-8FDC-42A3-9474-1A3956D46DE8}") = "Files", "Files", "{2885960F-E733-4183-90B4-4B3A29C03C2E}"
EndProject
Project("{FAE04EC0-301F-11D3-BF4B-00C04F79EFBC}") = "SetAutomaticDelayedStartPlugin", "SetAutomaticDelayedStartPlugin\SetAutomaticDelayedStartPlugin.csproj", "{76B80C63-B876-4CB3-8691-83203554DD27}"
EndProject
Project("{FAE04EC0-301F-11D3-BF4B-00C04F79EFBC}") = "ExecAnySqlPlugin", "ExecAnySqlPlugin\ExecAnySqlPlugin.csproj", "{FE38174A-1764-437E-967B-AD037791AF38}"
EndProject
Project("{2150E333-8FDC-42A3-9474-1A3956D46DE8}") = "Sql", "Sql", "{D7760FBC-71D1-4480-AD51-02D1C08D9C29}"
EndProject
Project("{FAE04EC0-301F-11D3-BF4B-00C04F79EFBC}") = "CheckFileExistsPlugin", "CheckFileExistsPlugin\CheckFileExistsPlugin.csproj", "{81AA4C85-A0B9-491D-B33D-594588FAF6C5}"
EndProject
Project("{FAE04EC0-301F-11D3-BF4B-00C04F79EFBC}") = "ExecProcessing1CPlugin", "ExecProcessing1CPlugin\ExecProcessing1CPlugin.csproj", "{99923292-3EE0-4B4A-8632-8BAA7A87EF5A}"
EndProject
Project("{FAE04EC0-301F-11D3-BF4B-00C04F79EFBC}") = "BackupBaseSqlPlugin", "BackupBaseSqlPlugin\BackupBaseSqlPlugin.csproj", "{FB8B379D-85CA-4652-A3E7-129906B40E7C}"
EndProject
Project("{2150E333-8FDC-42A3-9474-1A3956D46DE8}") = "1C", "1C", "{05A4FE47-493A-4A25-A465-7B288FC20471}"
EndProject
Project("{2150E333-8FDC-42A3-9474-1A3956D46DE8}") = "Service", "Service", "{5ED3A129-A774-47D8-88D8-F8CF5504331C}"
EndProject
Project("{2150E333-8FDC-42A3-9474-1A3956D46DE8}") = "Template", "Template", "{79E25124-104B-4714-AEBF-CDDE6AA0BAB2}"
EndProject
Project("{2150E333-8FDC-42A3-9474-1A3956D46DE8}") = "Disabled", "Disabled", "{5873ECEA-D9A5-46D1-B234-ACEB79DEE676}"
EndProject
Project("{FAE04EC0-301F-11D3-BF4B-00C04F79EFBC}") = "MUPluginTemplate", "MUPluginTemplate\MUPluginTemplate.csproj", "{77F1DC5E-80E7-4AA2-92B8-5A1E7C2C3EDD}"
EndProject
Project("{FAE04EC0-301F-11D3-BF4B-00C04F79EFBC}") = "CacheClear1CPlugin", "CacheClear1CPlugin\CacheClear1CPlugin.csproj", "{DA664A21-194D-410B-B0B3-70022BD79260}"
EndProject
Project("{FAE04EC0-301F-11D3-BF4B-00C04F79EFBC}") = "DynamicUpdate1CPlugin", "DynamicUpdate1CPlugin\DynamicUpdate1CPlugin.csproj", "{21B1763A-B2FC-4676-A5AE-AEEE3C430DAD}"
EndProject
Project("{FAE04EC0-301F-11D3-BF4B-00C04F79EFBC}") = "ForceStaticUpdate1CPlugin", "ForceStaticUpdate1CPlugin\ForceStaticUpdate1CPlugin.csproj", "{7C17A8D2-4300-49FE-B970-0B1DD8EF09AD}"
EndProject
Project("{FAE04EC0-301F-11D3-BF4B-00C04F79EFBC}") = "KillForceStaticUpdate1CPlugin", "KillForceStaticUpdate1CPlugin\KillForceStaticUpdate1CPlugin.csproj", "{D998FF60-56CD-4D05-B138-24333923E99B}"
EndProject
Project("{FAE04EC0-301F-11D3-BF4B-00C04F79EFBC}") = "LockBackgroundJobsPlugin", "LockBackgroundJobsPlugin\LockBackgroundJobsPlugin.csproj", "{CFC036A4-2E91-4F7D-A374-E483C2E191D6}"
EndProject
Project("{FAE04EC0-301F-11D3-BF4B-00C04F79EFBC}") = "OperationExchangeToCenterPlugin", "OperationExchangeToCenterPlugin\OperationExchangeToCenterPlugin.csproj", "{A60D8F77-8681-45A4-A800-DD37E3ECC710}"
EndProject
Project("{FAE04EC0-301F-11D3-BF4B-00C04F79EFBC}") = "RestartComputerPlugin", "RestartComputerPlugin\RestartComputerPlugin.csproj", "{B21F248E-E2FF-43BF-8505-CE20EC408973}"
EndProject
Project("{FAE04EC0-301F-11D3-BF4B-00C04F79EFBC}") = "RestartServer1CPlugin", "RestartServer1CPlugin\RestartServer1CPlugin.csproj", "{C2C839E5-5BE2-4BC5-9FA5-B586251B2EE2}"
EndProject
Project("{2150E333-8FDC-42A3-9474-1A3956D46DE8}") = "Tests", "Tests", "{1881D9D0-7F80-4CB5-996F-DCE1B49D6828}"
EndProject
Project("{FAE04EC0-301F-11D3-BF4B-00C04F79EFBC}") = "TestPluginOperation1", "TestPluginOperation1\TestPluginOperation1.csproj", "{BAFCBCEB-9FDC-4603-AA3B-B3DDD1947738}"
EndProject
Project("{2150E333-8FDC-42A3-9474-1A3956D46DE8}") = "Sheduler", "Sheduler", "{1ECCC9BB-9547-4C4C-8CE0-AA70380E8A3D}"
EndProject
Project("{FAE04EC0-301F-11D3-BF4B-00C04F79EFBC}") = "ShedulerProcessExchange", "ShedulerProcessExchange\ShedulerProcessExchange.csproj", "{C893B740-3E23-4320-9120-1497DB6C4699}"
EndProject
Project("{2150E333-8FDC-42A3-9474-1A3956D46DE8}") = "File", "File", "{6E9CB119-BD7B-4E52-8FBC-F5DFEB8D6CDF}"
EndProject
Project("{FAE04EC0-301F-11D3-BF4B-00C04F79EFBC}") = "FileDynamicUpdate1CPlugin", "FileDynamicUpdate1CPlugin\FileDynamicUpdate1CPlugin.csproj", "{F248030C-4FDD-4B49-A4CD-08D30379F677}"
EndProject
Project("{FAE04EC0-301F-11D3-BF4B-00C04F79EFBC}") = "FileUpdate1CPlugin", "FileUpdate1CPlugin\FileUpdate1CPlugin.csproj", "{D8BC8E21-3030-45E0-B61B-0F90DBFD7C0D}"
EndProject
Project("{FAE04EC0-301F-11D3-BF4B-00C04F79EFBC}") = "FileBackupBasePlugin", "FileBackupBase\FileBackupBasePlugin.csproj", "{A3264F47-B829-4AD4-9698-BD4791A74A19}"
EndProject
Global
	GlobalSection(SolutionConfigurationPlatforms) = preSolution
		Debug|Any CPU = Debug|Any CPU
		Release|Any CPU = Release|Any CPU
		ReleaseToFTP|Any CPU = ReleaseToFTP|Any CPU
	EndGlobalSection
	GlobalSection(ProjectConfigurationPlatforms) = postSolution
		{BF6B23CB-CB31-41DB-A34A-6BD816EAC068}.Debug|Any CPU.ActiveCfg = Debug|Any CPU
		{BF6B23CB-CB31-41DB-A34A-6BD816EAC068}.Debug|Any CPU.Build.0 = Debug|Any CPU
		{BF6B23CB-CB31-41DB-A34A-6BD816EAC068}.Release|Any CPU.ActiveCfg = Release|Any CPU
		{BF6B23CB-CB31-41DB-A34A-6BD816EAC068}.Release|Any CPU.Build.0 = Release|Any CPU
		{BF6B23CB-CB31-41DB-A34A-6BD816EAC068}.ReleaseToFTP|Any CPU.ActiveCfg = ReleaseToFTP|Any CPU
		{BF6B23CB-CB31-41DB-A34A-6BD816EAC068}.ReleaseToFTP|Any CPU.Build.0 = ReleaseToFTP|Any CPU
		{07C7BE50-AA53-4DA2-B463-6F157DD886CA}.Debug|Any CPU.ActiveCfg = Debug|Any CPU
		{07C7BE50-AA53-4DA2-B463-6F157DD886CA}.Debug|Any CPU.Build.0 = Debug|Any CPU
		{07C7BE50-AA53-4DA2-B463-6F157DD886CA}.Release|Any CPU.ActiveCfg = Release|Any CPU
		{07C7BE50-AA53-4DA2-B463-6F157DD886CA}.Release|Any CPU.Build.0 = Release|Any CPU
		{07C7BE50-AA53-4DA2-B463-6F157DD886CA}.ReleaseToFTP|Any CPU.ActiveCfg = ReleaseToFTP|Any CPU
		{07C7BE50-AA53-4DA2-B463-6F157DD886CA}.ReleaseToFTP|Any CPU.Build.0 = ReleaseToFTP|Any CPU
		{7AA60B99-B033-4FA7-AD03-E0A868A88AD7}.Debug|Any CPU.ActiveCfg = Debug|Any CPU
		{7AA60B99-B033-4FA7-AD03-E0A868A88AD7}.Debug|Any CPU.Build.0 = Debug|Any CPU
		{7AA60B99-B033-4FA7-AD03-E0A868A88AD7}.Release|Any CPU.ActiveCfg = Release|Any CPU
		{7AA60B99-B033-4FA7-AD03-E0A868A88AD7}.Release|Any CPU.Build.0 = Release|Any CPU
		{7AA60B99-B033-4FA7-AD03-E0A868A88AD7}.ReleaseToFTP|Any CPU.ActiveCfg = Release|Any CPU
		{7AA60B99-B033-4FA7-AD03-E0A868A88AD7}.ReleaseToFTP|Any CPU.Build.0 = Release|Any CPU
		{F4470F4C-F23A-4637-B9D1-CB31CD1BA33B}.Debug|Any CPU.ActiveCfg = Debug|Any CPU
		{F4470F4C-F23A-4637-B9D1-CB31CD1BA33B}.Debug|Any CPU.Build.0 = Debug|Any CPU
		{F4470F4C-F23A-4637-B9D1-CB31CD1BA33B}.Release|Any CPU.ActiveCfg = Release|Any CPU
		{F4470F4C-F23A-4637-B9D1-CB31CD1BA33B}.Release|Any CPU.Build.0 = Release|Any CPU
		{F4470F4C-F23A-4637-B9D1-CB31CD1BA33B}.ReleaseToFTP|Any CPU.ActiveCfg = Release|Any CPU
		{F4470F4C-F23A-4637-B9D1-CB31CD1BA33B}.ReleaseToFTP|Any CPU.Build.0 = Release|Any CPU
		{38234495-70E3-407B-AAB6-C342989D1841}.Debug|Any CPU.ActiveCfg = Debug|Any CPU
		{38234495-70E3-407B-AAB6-C342989D1841}.Debug|Any CPU.Build.0 = Debug|Any CPU
		{38234495-70E3-407B-AAB6-C342989D1841}.Release|Any CPU.ActiveCfg = Release|Any CPU
		{38234495-70E3-407B-AAB6-C342989D1841}.Release|Any CPU.Build.0 = Release|Any CPU
		{38234495-70E3-407B-AAB6-C342989D1841}.ReleaseToFTP|Any CPU.ActiveCfg = Release|Any CPU
		{38234495-70E3-407B-AAB6-C342989D1841}.ReleaseToFTP|Any CPU.Build.0 = Release|Any CPU
		{7DF5F825-6690-4C7D-9545-EFF3AC78B1BE}.Debug|Any CPU.ActiveCfg = Debug|Any CPU
		{7DF5F825-6690-4C7D-9545-EFF3AC78B1BE}.Debug|Any CPU.Build.0 = Debug|Any CPU
		{7DF5F825-6690-4C7D-9545-EFF3AC78B1BE}.Release|Any CPU.ActiveCfg = Release|Any CPU
		{7DF5F825-6690-4C7D-9545-EFF3AC78B1BE}.Release|Any CPU.Build.0 = Release|Any CPU
		{7DF5F825-6690-4C7D-9545-EFF3AC78B1BE}.ReleaseToFTP|Any CPU.ActiveCfg = Release|Any CPU
		{7DF5F825-6690-4C7D-9545-EFF3AC78B1BE}.ReleaseToFTP|Any CPU.Build.0 = Release|Any CPU
		{76B80C63-B876-4CB3-8691-83203554DD27}.Debug|Any CPU.ActiveCfg = Debug|Any CPU
		{76B80C63-B876-4CB3-8691-83203554DD27}.Debug|Any CPU.Build.0 = Debug|Any CPU
		{76B80C63-B876-4CB3-8691-83203554DD27}.Release|Any CPU.ActiveCfg = Release|Any CPU
		{76B80C63-B876-4CB3-8691-83203554DD27}.Release|Any CPU.Build.0 = Release|Any CPU
		{76B80C63-B876-4CB3-8691-83203554DD27}.ReleaseToFTP|Any CPU.ActiveCfg = Release|Any CPU
		{76B80C63-B876-4CB3-8691-83203554DD27}.ReleaseToFTP|Any CPU.Build.0 = Release|Any CPU
		{FE38174A-1764-437E-967B-AD037791AF38}.Debug|Any CPU.ActiveCfg = Debug|Any CPU
		{FE38174A-1764-437E-967B-AD037791AF38}.Debug|Any CPU.Build.0 = Debug|Any CPU
		{FE38174A-1764-437E-967B-AD037791AF38}.Release|Any CPU.ActiveCfg = Release|Any CPU
		{FE38174A-1764-437E-967B-AD037791AF38}.Release|Any CPU.Build.0 = Release|Any CPU
		{FE38174A-1764-437E-967B-AD037791AF38}.ReleaseToFTP|Any CPU.ActiveCfg = Release|Any CPU
		{FE38174A-1764-437E-967B-AD037791AF38}.ReleaseToFTP|Any CPU.Build.0 = Release|Any CPU
		{81AA4C85-A0B9-491D-B33D-594588FAF6C5}.Debug|Any CPU.ActiveCfg = Debug|Any CPU
		{81AA4C85-A0B9-491D-B33D-594588FAF6C5}.Debug|Any CPU.Build.0 = Debug|Any CPU
		{81AA4C85-A0B9-491D-B33D-594588FAF6C5}.Release|Any CPU.ActiveCfg = Release|Any CPU
		{81AA4C85-A0B9-491D-B33D-594588FAF6C5}.Release|Any CPU.Build.0 = Release|Any CPU
		{81AA4C85-A0B9-491D-B33D-594588FAF6C5}.ReleaseToFTP|Any CPU.ActiveCfg = Release|Any CPU
		{81AA4C85-A0B9-491D-B33D-594588FAF6C5}.ReleaseToFTP|Any CPU.Build.0 = Release|Any CPU
		{99923292-3EE0-4B4A-8632-8BAA7A87EF5A}.Debug|Any CPU.ActiveCfg = Debug|Any CPU
		{99923292-3EE0-4B4A-8632-8BAA7A87EF5A}.Debug|Any CPU.Build.0 = Debug|Any CPU
		{99923292-3EE0-4B4A-8632-8BAA7A87EF5A}.Release|Any CPU.ActiveCfg = Release|Any CPU
		{99923292-3EE0-4B4A-8632-8BAA7A87EF5A}.Release|Any CPU.Build.0 = Release|Any CPU
		{99923292-3EE0-4B4A-8632-8BAA7A87EF5A}.ReleaseToFTP|Any CPU.ActiveCfg = Release|Any CPU
		{99923292-3EE0-4B4A-8632-8BAA7A87EF5A}.ReleaseToFTP|Any CPU.Build.0 = Release|Any CPU
		{FB8B379D-85CA-4652-A3E7-129906B40E7C}.Debug|Any CPU.ActiveCfg = Debug|Any CPU
		{FB8B379D-85CA-4652-A3E7-129906B40E7C}.Debug|Any CPU.Build.0 = Debug|Any CPU
		{FB8B379D-85CA-4652-A3E7-129906B40E7C}.Release|Any CPU.ActiveCfg = Release|Any CPU
		{FB8B379D-85CA-4652-A3E7-129906B40E7C}.Release|Any CPU.Build.0 = Release|Any CPU
		{FB8B379D-85CA-4652-A3E7-129906B40E7C}.ReleaseToFTP|Any CPU.ActiveCfg = Release|Any CPU
		{FB8B379D-85CA-4652-A3E7-129906B40E7C}.ReleaseToFTP|Any CPU.Build.0 = Release|Any CPU
		{77F1DC5E-80E7-4AA2-92B8-5A1E7C2C3EDD}.Debug|Any CPU.ActiveCfg = Debug|Any CPU
		{77F1DC5E-80E7-4AA2-92B8-5A1E7C2C3EDD}.Debug|Any CPU.Build.0 = Debug|Any CPU
		{77F1DC5E-80E7-4AA2-92B8-5A1E7C2C3EDD}.Release|Any CPU.ActiveCfg = Release|Any CPU
		{77F1DC5E-80E7-4AA2-92B8-5A1E7C2C3EDD}.Release|Any CPU.Build.0 = Release|Any CPU
		{77F1DC5E-80E7-4AA2-92B8-5A1E7C2C3EDD}.ReleaseToFTP|Any CPU.ActiveCfg = Release|Any CPU
		{77F1DC5E-80E7-4AA2-92B8-5A1E7C2C3EDD}.ReleaseToFTP|Any CPU.Build.0 = Release|Any CPU
		{DA664A21-194D-410B-B0B3-70022BD79260}.Debug|Any CPU.ActiveCfg = Debug|Any CPU
		{DA664A21-194D-410B-B0B3-70022BD79260}.Debug|Any CPU.Build.0 = Debug|Any CPU
		{DA664A21-194D-410B-B0B3-70022BD79260}.Release|Any CPU.ActiveCfg = Release|Any CPU
		{DA664A21-194D-410B-B0B3-70022BD79260}.Release|Any CPU.Build.0 = Release|Any CPU
		{DA664A21-194D-410B-B0B3-70022BD79260}.ReleaseToFTP|Any CPU.ActiveCfg = Release|Any CPU
		{DA664A21-194D-410B-B0B3-70022BD79260}.ReleaseToFTP|Any CPU.Build.0 = Release|Any CPU
		{21B1763A-B2FC-4676-A5AE-AEEE3C430DAD}.Debug|Any CPU.ActiveCfg = Debug|Any CPU
		{21B1763A-B2FC-4676-A5AE-AEEE3C430DAD}.Debug|Any CPU.Build.0 = Debug|Any CPU
		{21B1763A-B2FC-4676-A5AE-AEEE3C430DAD}.Release|Any CPU.ActiveCfg = Release|Any CPU
		{21B1763A-B2FC-4676-A5AE-AEEE3C430DAD}.Release|Any CPU.Build.0 = Release|Any CPU
		{21B1763A-B2FC-4676-A5AE-AEEE3C430DAD}.ReleaseToFTP|Any CPU.ActiveCfg = Release|Any CPU
		{21B1763A-B2FC-4676-A5AE-AEEE3C430DAD}.ReleaseToFTP|Any CPU.Build.0 = Release|Any CPU
		{7C17A8D2-4300-49FE-B970-0B1DD8EF09AD}.Debug|Any CPU.ActiveCfg = Debug|Any CPU
		{7C17A8D2-4300-49FE-B970-0B1DD8EF09AD}.Debug|Any CPU.Build.0 = Debug|Any CPU
		{7C17A8D2-4300-49FE-B970-0B1DD8EF09AD}.Release|Any CPU.ActiveCfg = Release|Any CPU
		{7C17A8D2-4300-49FE-B970-0B1DD8EF09AD}.Release|Any CPU.Build.0 = Release|Any CPU
		{7C17A8D2-4300-49FE-B970-0B1DD8EF09AD}.ReleaseToFTP|Any CPU.ActiveCfg = Release|Any CPU
		{7C17A8D2-4300-49FE-B970-0B1DD8EF09AD}.ReleaseToFTP|Any CPU.Build.0 = Release|Any CPU
		{D998FF60-56CD-4D05-B138-24333923E99B}.Debug|Any CPU.ActiveCfg = Debug|Any CPU
		{D998FF60-56CD-4D05-B138-24333923E99B}.Debug|Any CPU.Build.0 = Debug|Any CPU
		{D998FF60-56CD-4D05-B138-24333923E99B}.Release|Any CPU.ActiveCfg = Release|Any CPU
		{D998FF60-56CD-4D05-B138-24333923E99B}.Release|Any CPU.Build.0 = Release|Any CPU
		{D998FF60-56CD-4D05-B138-24333923E99B}.ReleaseToFTP|Any CPU.ActiveCfg = Release|Any CPU
		{D998FF60-56CD-4D05-B138-24333923E99B}.ReleaseToFTP|Any CPU.Build.0 = Release|Any CPU
		{CFC036A4-2E91-4F7D-A374-E483C2E191D6}.Debug|Any CPU.ActiveCfg = Debug|Any CPU
		{CFC036A4-2E91-4F7D-A374-E483C2E191D6}.Debug|Any CPU.Build.0 = Debug|Any CPU
		{CFC036A4-2E91-4F7D-A374-E483C2E191D6}.Release|Any CPU.ActiveCfg = Release|Any CPU
		{CFC036A4-2E91-4F7D-A374-E483C2E191D6}.Release|Any CPU.Build.0 = Release|Any CPU
		{CFC036A4-2E91-4F7D-A374-E483C2E191D6}.ReleaseToFTP|Any CPU.ActiveCfg = Release|Any CPU
		{CFC036A4-2E91-4F7D-A374-E483C2E191D6}.ReleaseToFTP|Any CPU.Build.0 = Release|Any CPU
		{A60D8F77-8681-45A4-A800-DD37E3ECC710}.Debug|Any CPU.ActiveCfg = Debug|Any CPU
		{A60D8F77-8681-45A4-A800-DD37E3ECC710}.Debug|Any CPU.Build.0 = Debug|Any CPU
		{A60D8F77-8681-45A4-A800-DD37E3ECC710}.Release|Any CPU.ActiveCfg = Release|Any CPU
		{A60D8F77-8681-45A4-A800-DD37E3ECC710}.Release|Any CPU.Build.0 = Release|Any CPU
		{A60D8F77-8681-45A4-A800-DD37E3ECC710}.ReleaseToFTP|Any CPU.ActiveCfg = Release|Any CPU
		{A60D8F77-8681-45A4-A800-DD37E3ECC710}.ReleaseToFTP|Any CPU.Build.0 = Release|Any CPU
		{B21F248E-E2FF-43BF-8505-CE20EC408973}.Debug|Any CPU.ActiveCfg = Debug|Any CPU
		{B21F248E-E2FF-43BF-8505-CE20EC408973}.Debug|Any CPU.Build.0 = Debug|Any CPU
		{B21F248E-E2FF-43BF-8505-CE20EC408973}.Release|Any CPU.ActiveCfg = Release|Any CPU
		{B21F248E-E2FF-43BF-8505-CE20EC408973}.Release|Any CPU.Build.0 = Release|Any CPU
		{B21F248E-E2FF-43BF-8505-CE20EC408973}.ReleaseToFTP|Any CPU.ActiveCfg = Release|Any CPU
		{B21F248E-E2FF-43BF-8505-CE20EC408973}.ReleaseToFTP|Any CPU.Build.0 = Release|Any CPU
		{C2C839E5-5BE2-4BC5-9FA5-B586251B2EE2}.Debug|Any CPU.ActiveCfg = Debug|Any CPU
		{C2C839E5-5BE2-4BC5-9FA5-B586251B2EE2}.Debug|Any CPU.Build.0 = Debug|Any CPU
		{C2C839E5-5BE2-4BC5-9FA5-B586251B2EE2}.Release|Any CPU.ActiveCfg = Release|Any CPU
		{C2C839E5-5BE2-4BC5-9FA5-B586251B2EE2}.Release|Any CPU.Build.0 = Release|Any CPU
		{C2C839E5-5BE2-4BC5-9FA5-B586251B2EE2}.ReleaseToFTP|Any CPU.ActiveCfg = Release|Any CPU
		{C2C839E5-5BE2-4BC5-9FA5-B586251B2EE2}.ReleaseToFTP|Any CPU.Build.0 = Release|Any CPU
		{BAFCBCEB-9FDC-4603-AA3B-B3DDD1947738}.Debug|Any CPU.ActiveCfg = Debug|Any CPU
		{BAFCBCEB-9FDC-4603-AA3B-B3DDD1947738}.Debug|Any CPU.Build.0 = Debug|Any CPU
		{BAFCBCEB-9FDC-4603-AA3B-B3DDD1947738}.Release|Any CPU.ActiveCfg = Release|Any CPU
		{BAFCBCEB-9FDC-4603-AA3B-B3DDD1947738}.Release|Any CPU.Build.0 = Release|Any CPU
		{BAFCBCEB-9FDC-4603-AA3B-B3DDD1947738}.ReleaseToFTP|Any CPU.ActiveCfg = Release|Any CPU
		{BAFCBCEB-9FDC-4603-AA3B-B3DDD1947738}.ReleaseToFTP|Any CPU.Build.0 = Release|Any CPU
		{C893B740-3E23-4320-9120-1497DB6C4699}.Debug|Any CPU.ActiveCfg = Debug|Any CPU
		{C893B740-3E23-4320-9120-1497DB6C4699}.Debug|Any CPU.Build.0 = Debug|Any CPU
		{C893B740-3E23-4320-9120-1497DB6C4699}.Release|Any CPU.ActiveCfg = Release|Any CPU
		{C893B740-3E23-4320-9120-1497DB6C4699}.Release|Any CPU.Build.0 = Release|Any CPU
		{C893B740-3E23-4320-9120-1497DB6C4699}.ReleaseToFTP|Any CPU.ActiveCfg = Release|Any CPU
		{C893B740-3E23-4320-9120-1497DB6C4699}.ReleaseToFTP|Any CPU.Build.0 = Release|Any CPU
		{F248030C-4FDD-4B49-A4CD-08D30379F677}.Debug|Any CPU.ActiveCfg = Debug|Any CPU
		{F248030C-4FDD-4B49-A4CD-08D30379F677}.Debug|Any CPU.Build.0 = Debug|Any CPU
		{F248030C-4FDD-4B49-A4CD-08D30379F677}.Release|Any CPU.ActiveCfg = Release|Any CPU
		{F248030C-4FDD-4B49-A4CD-08D30379F677}.Release|Any CPU.Build.0 = Release|Any CPU
		{F248030C-4FDD-4B49-A4CD-08D30379F677}.ReleaseToFTP|Any CPU.ActiveCfg = Release|Any CPU
		{F248030C-4FDD-4B49-A4CD-08D30379F677}.ReleaseToFTP|Any CPU.Build.0 = Release|Any CPU
		{D8BC8E21-3030-45E0-B61B-0F90DBFD7C0D}.Debug|Any CPU.ActiveCfg = Debug|Any CPU
		{D8BC8E21-3030-45E0-B61B-0F90DBFD7C0D}.Debug|Any CPU.Build.0 = Debug|Any CPU
		{D8BC8E21-3030-45E0-B61B-0F90DBFD7C0D}.Release|Any CPU.ActiveCfg = Release|Any CPU
		{D8BC8E21-3030-45E0-B61B-0F90DBFD7C0D}.Release|Any CPU.Build.0 = Release|Any CPU
		{D8BC8E21-3030-45E0-B61B-0F90DBFD7C0D}.ReleaseToFTP|Any CPU.ActiveCfg = Release|Any CPU
		{D8BC8E21-3030-45E0-B61B-0F90DBFD7C0D}.ReleaseToFTP|Any CPU.Build.0 = Release|Any CPU
		{A3264F47-B829-4AD4-9698-BD4791A74A19}.Debug|Any CPU.ActiveCfg = Debug|Any CPU
		{A3264F47-B829-4AD4-9698-BD4791A74A19}.Debug|Any CPU.Build.0 = Debug|Any CPU
		{A3264F47-B829-4AD4-9698-BD4791A74A19}.Release|Any CPU.ActiveCfg = Release|Any CPU
		{A3264F47-B829-4AD4-9698-BD4791A74A19}.Release|Any CPU.Build.0 = Release|Any CPU
		{A3264F47-B829-4AD4-9698-BD4791A74A19}.ReleaseToFTP|Any CPU.ActiveCfg = Release|Any CPU
		{A3264F47-B829-4AD4-9698-BD4791A74A19}.ReleaseToFTP|Any CPU.Build.0 = Release|Any CPU
	EndGlobalSection
	GlobalSection(SolutionProperties) = preSolution
		HideSolutionNode = FALSE
	EndGlobalSection
	GlobalSection(NestedProjects) = preSolution
		{07C7BE50-AA53-4DA2-B463-6F157DD886CA} = {23B0D594-91FA-40EE-817A-024103BBE537}
		{7AA60B99-B033-4FA7-AD03-E0A868A88AD7} = {2885960F-E733-4183-90B4-4B3A29C03C2E}
		{F4470F4C-F23A-4637-B9D1-CB31CD1BA33B} = {2885960F-E733-4183-90B4-4B3A29C03C2E}
		{38234495-70E3-407B-AAB6-C342989D1841} = {23B0D594-91FA-40EE-817A-024103BBE537}
		{7DF5F825-6690-4C7D-9545-EFF3AC78B1BE} = {23B0D594-91FA-40EE-817A-024103BBE537}
		{23B0D594-91FA-40EE-817A-024103BBE537} = {5873ECEA-D9A5-46D1-B234-ACEB79DEE676}
		{76B80C63-B876-4CB3-8691-83203554DD27} = {5ED3A129-A774-47D8-88D8-F8CF5504331C}
		{FE38174A-1764-437E-967B-AD037791AF38} = {D7760FBC-71D1-4480-AD51-02D1C08D9C29}
		{81AA4C85-A0B9-491D-B33D-594588FAF6C5} = {2885960F-E733-4183-90B4-4B3A29C03C2E}
		{99923292-3EE0-4B4A-8632-8BAA7A87EF5A} = {05A4FE47-493A-4A25-A465-7B288FC20471}
		{FB8B379D-85CA-4652-A3E7-129906B40E7C} = {D7760FBC-71D1-4480-AD51-02D1C08D9C29}
		{5ED3A129-A774-47D8-88D8-F8CF5504331C} = {5873ECEA-D9A5-46D1-B234-ACEB79DEE676}
		{77F1DC5E-80E7-4AA2-92B8-5A1E7C2C3EDD} = {79E25124-104B-4714-AEBF-CDDE6AA0BAB2}
		{DA664A21-194D-410B-B0B3-70022BD79260} = {05A4FE47-493A-4A25-A465-7B288FC20471}
		{21B1763A-B2FC-4676-A5AE-AEEE3C430DAD} = {05A4FE47-493A-4A25-A465-7B288FC20471}
		{7C17A8D2-4300-49FE-B970-0B1DD8EF09AD} = {05A4FE47-493A-4A25-A465-7B288FC20471}
		{D998FF60-56CD-4D05-B138-24333923E99B} = {05A4FE47-493A-4A25-A465-7B288FC20471}
		{CFC036A4-2E91-4F7D-A374-E483C2E191D6} = {05A4FE47-493A-4A25-A465-7B288FC20471}
		{A60D8F77-8681-45A4-A800-DD37E3ECC710} = {05A4FE47-493A-4A25-A465-7B288FC20471}
		{B21F248E-E2FF-43BF-8505-CE20EC408973} = {05A4FE47-493A-4A25-A465-7B288FC20471}
		{C2C839E5-5BE2-4BC5-9FA5-B586251B2EE2} = {05A4FE47-493A-4A25-A465-7B288FC20471}
		{BAFCBCEB-9FDC-4603-AA3B-B3DDD1947738} = {1881D9D0-7F80-4CB5-996F-DCE1B49D6828}
		{1ECCC9BB-9547-4C4C-8CE0-AA70380E8A3D} = {05A4FE47-493A-4A25-A465-7B288FC20471}
		{C893B740-3E23-4320-9120-1497DB6C4699} = {1ECCC9BB-9547-4C4C-8CE0-AA70380E8A3D}
		{6E9CB119-BD7B-4E52-8FBC-F5DFEB8D6CDF} = {05A4FE47-493A-4A25-A465-7B288FC20471}
		{F248030C-4FDD-4B49-A4CD-08D30379F677} = {6E9CB119-BD7B-4E52-8FBC-F5DFEB8D6CDF}
		{D8BC8E21-3030-45E0-B61B-0F90DBFD7C0D} = {6E9CB119-BD7B-4E52-8FBC-F5DFEB8D6CDF}
		{A3264F47-B829-4AD4-9698-BD4791A74A19} = {6E9CB119-BD7B-4E52-8FBC-F5DFEB8D6CDF}
	EndGlobalSection
EndGlobal
